
Microsoft Visual Studio Solution File, Format Version 12.00
# Visual Studio Version 17
VisualStudioVersion = 17.11.35312.102
MinimumVisualStudioVersion = 10.0.40219.1
Project("{FAE04EC0-301F-11D3-BF4B-00C04F79EFBC}") = "WpfApp1", "WpfApp1\WpfApp1.csproj", "{77553EE1-F511-487E-849B-94A29C238075}"
EndProject
Global
	GlobalSection(SolutionConfigurationPlatforms) = preSolution
		Debug|Any CPU = Debug|Any CPU
		Release|Any CPU = Release|Any CPU
	EndGlobalSection
	GlobalSection(ProjectConfigurationPlatforms) = postSolution
		{77553EE1-F511-487E-849B-94A29C238075}.Debug|Any CPU.ActiveCfg = Debug|Any CPU
		{77553EE1-F511-487E-849B-94A29C238075}.Debug|Any CPU.Build.0 = Debug|Any CPU
		{77553EE1-F511-487E-849B-94A29C238075}.Release|Any CPU.ActiveCfg = Release|Any CPU
		{77553EE1-F511-487E-849B-94A29C238075}.Release|Any CPU.Build.0 = Release|Any CPU
	EndGlobalSection
	GlobalSection(SolutionProperties) = preSolution
		HideSolutionNode = FALSE
	EndGlobalSection
	GlobalSection(ExtensibilityGlobals) = postSolution
		SolutionGuid = {5EADAE41-C89D-41B3-8A2D-20CDC67977F8}
	EndGlobalSection
EndGlobal
